{
  "requires": true,
  "lockfileVersion": 1,
  "dependencies": {
    "@angular/material": {
      "version": "8.0.1",
      "resolved": "https://registry.npmjs.org/@angular/material/-/material-8.0.1.tgz",
      "integrity": "sha512-BozIS+9yiqFTfXBoZfhFUibY8meDUcv/e+CxhSHyv3vZw9XVTNTbiaX7tX/FX0Ai+1VKnwRTGrKvPKGFSqynCA==",
      "requires": {
        "tslib": "^1.7.1"
      }
    },
    "tslib": {
      "version": "1.10.0",
      "resolved": "https://registry.npmjs.org/tslib/-/tslib-1.10.0.tgz",
      "integrity": "sha512-qOebF53frne81cf0S9B41ByenJ3/IuH8yJKngAX35CmiZySA0khhkovshKK+jGCaMnVomla7gVlIcc3EvKPbTQ=="
    }
  }
}
